// !$*UTF8*$!
{
	archiveVersion = 1;
	classes = {
	};
	objectVersion = 55;
	objects = {

/* Begin PBXBuildFile section */
		CA01FA2E289CF78100479C3B /* SwiftUITwitterApp.swift in Sources */ = {isa = PBXBuildFile; fileRef = CA01FA1E289CF78000479C3B /* SwiftUITwitterApp.swift */; };
		CA01FA2F289CF78100479C3B /* SwiftUITwitterApp.swift in Sources */ = {isa = PBXBuildFile; fileRef = CA01FA1E289CF78000479C3B /* SwiftUITwitterApp.swift */; };
		CA01FA30289CF78100479C3B /* ContentView.swift in Sources */ = {isa = PBXBuildFile; fileRef = CA01FA1F289CF78000479C3B /* ContentView.swift */; };
		CA01FA31289CF78100479C3B /* ContentView.swift in Sources */ = {isa = PBXBuildFile; fileRef = CA01FA1F289CF78000479C3B /* ContentView.swift */; };
		CA01FA32289CF78100479C3B /* Assets.xcassets in Resources */ = {isa = PBXBuildFile; fileRef = CA01FA20289CF78100479C3B /* Assets.xcassets */; };
		CA01FA33289CF78100479C3B /* Assets.xcassets in Resources */ = {isa = PBXBuildFile; fileRef = CA01FA20289CF78100479C3B /* Assets.xcassets */; };
		CA01FA47289CF99A00479C3B /* FeedView.swift in Sources */ = {isa = PBXBuildFile; fileRef = CA01FA46289CF99A00479C3B /* FeedView.swift */; };
		CA01FA4A289CFDE000479C3B /* TweetRowView.swift in Sources */ = {isa = PBXBuildFile; fileRef = CA01FA49289CFDE000479C3B /* TweetRowView.swift */; };
		CA01FA4D289D01D800479C3B /* MainTabView.swift in Sources */ = {isa = PBXBuildFile; fileRef = CA01FA4C289D01D800479C3B /* MainTabView.swift */; };
		CA01FA54289D03B200479C3B /* ExploreView.swift in Sources */ = {isa = PBXBuildFile; fileRef = CA01FA53289D03B200479C3B /* ExploreView.swift */; };
		CA01FA56289D03C700479C3B /* NotificationsView.swift in Sources */ = {isa = PBXBuildFile; fileRef = CA01FA55289D03C700479C3B /* NotificationsView.swift */; };
		CA01FA58289D03F300479C3B /* MessagesView.swift in Sources */ = {isa = PBXBuildFile; fileRef = CA01FA57289D03F300479C3B /* MessagesView.swift */; };
		CA169CA628ABA655001E1905 /* ProfilePhotoSelectorView.swift in Sources */ = {isa = PBXBuildFile; fileRef = CA169CA528ABA655001E1905 /* ProfilePhotoSelectorView.swift */; };
		CA169CA928ABAC2C001E1905 /* ImagePicker.swift in Sources */ = {isa = PBXBuildFile; fileRef = CA169CA828ABAC2C001E1905 /* ImagePicker.swift */; };
		CA1B318B28D4A5810021E3BF /* userService.swift in Sources */ = {isa = PBXBuildFile; fileRef = CA1B318A28D4A5810021E3BF /* userService.swift */; };
		CA1B318D28D4A75E0021E3BF /* user.swift in Sources */ = {isa = PBXBuildFile; fileRef = CA1B318C28D4A75E0021E3BF /* user.swift */; };
		CA1F594028AA62900057A6CF /* AuthViewModel.swift in Sources */ = {isa = PBXBuildFile; fileRef = CA1F593F28AA62900057A6CF /* AuthViewModel.swift */; };
		CA367C0628AB71C2000A392A /* FirebaseAuth in Frameworks */ = {isa = PBXBuildFile; productRef = CA367C0528AB71C2000A392A /* FirebaseAuth */; };
		CA367C0828AB71C2000A392A /* FirebaseFirestore in Frameworks */ = {isa = PBXBuildFile; productRef = CA367C0728AB71C2000A392A /* FirebaseFirestore */; };
		CA367C0A28AB71C2000A392A /* FirebaseFirestoreSwift in Frameworks */ = {isa = PBXBuildFile; productRef = CA367C0928AB71C2000A392A /* FirebaseFirestoreSwift */; };
		CA367C0C28AB71C2000A392A /* FirebaseStorage in Frameworks */ = {isa = PBXBuildFile; productRef = CA367C0B28AB71C2000A392A /* FirebaseStorage */; };
		CA398A7D28A0F38500601D47 /* SideMenuView.swift in Sources */ = {isa = PBXBuildFile; fileRef = CA398A7C28A0F38500601D47 /* SideMenuView.swift */; };
		CA398A7F28A0F39300601D47 /* SideMenuRowView.swift in Sources */ = {isa = PBXBuildFile; fileRef = CA398A7E28A0F39300601D47 /* SideMenuRowView.swift */; };
		CA398A8128A0F39F00601D47 /* SideMenuViewModel.swift in Sources */ = {isa = PBXBuildFile; fileRef = CA398A8028A0F39F00601D47 /* SideMenuViewModel.swift */; };
		CA398A8328A0F57700601D47 /* UserStatsView.swift in Sources */ = {isa = PBXBuildFile; fileRef = CA398A8228A0F57700601D47 /* UserStatsView.swift */; };
		CA398A8528A133FE00601D47 /* SideMenuOptionRowView.swift in Sources */ = {isa = PBXBuildFile; fileRef = CA398A8428A133FE00601D47 /* SideMenuOptionRowView.swift */; };
		CA398A8C28A13E5C00601D47 /* NewTweetView.swift in Sources */ = {isa = PBXBuildFile; fileRef = CA398A8B28A13E5C00601D47 /* NewTweetView.swift */; };
		CA398A8E28A13F5A00601D47 /* TextArea.swift in Sources */ = {isa = PBXBuildFile; fileRef = CA398A8D28A13F5A00601D47 /* TextArea.swift */; };
		CA398A9328A143EB00601D47 /* LoginView.swift in Sources */ = {isa = PBXBuildFile; fileRef = CA398A9228A143EB00601D47 /* LoginView.swift */; };
		CA398A9528A143F300601D47 /* RegisterView.swift in Sources */ = {isa = PBXBuildFile; fileRef = CA398A9428A143F300601D47 /* RegisterView.swift */; };
		CA398A9728A1472B00601D47 /* RoundedShape.swift in Sources */ = {isa = PBXBuildFile; fileRef = CA398A9628A1472B00601D47 /* RoundedShape.swift */; };
		CA41957A28D84FF900EAB780 /* Kingfisher in Frameworks */ = {isa = PBXBuildFile; productRef = CA41957928D84FF900EAB780 /* Kingfisher */; };
		CA560D6728A65C9400EB7B73 /* CustomTextField.swift in Sources */ = {isa = PBXBuildFile; fileRef = CA560D6628A65C9400EB7B73 /* CustomTextField.swift */; };
		CA6DD17928DB3651009EAF74 /* ExploreViewModel.swift in Sources */ = {isa = PBXBuildFile; fileRef = CA6DD17828DB3651009EAF74 /* ExploreViewModel.swift */; };
		CA7EDA75289D295500F20BE9 /* ProfileView.swift in Sources */ = {isa = PBXBuildFile; fileRef = CA7EDA74289D295500F20BE9 /* ProfileView.swift */; };
		CA7EDA77289D3C6700F20BE9 /* TweetFilterViewModel.swift in Sources */ = {isa = PBXBuildFile; fileRef = CA7EDA76289D3C6700F20BE9 /* TweetFilterViewModel.swift */; };
		CA7EDA7C289D432500F20BE9 /* UserRowView.swift in Sources */ = {isa = PBXBuildFile; fileRef = CA7EDA7B289D432500F20BE9 /* UserRowView.swift */; };
		CA83B51328DC49720088A547 /* SearchBar.swift in Sources */ = {isa = PBXBuildFile; fileRef = CA83B51228DC49720088A547 /* SearchBar.swift */; };
		CA83B51528DC55890088A547 /* TweetService.swift in Sources */ = {isa = PBXBuildFile; fileRef = CA83B51428DC55890088A547 /* TweetService.swift */; };
		CA83B51728DC58BF0088A547 /* NewTweetViewModel.swift in Sources */ = {isa = PBXBuildFile; fileRef = CA83B51628DC58BF0088A547 /* NewTweetViewModel.swift */; };
		CA8B3FBE28D49B9E00C5BA30 /* GoogleService-Info.plist in Resources */ = {isa = PBXBuildFile; fileRef = CA8B3FBD28D49B9E00C5BA30 /* GoogleService-Info.plist */; };
		CA8B3FBF28D49B9E00C5BA30 /* GoogleService-Info.plist in Resources */ = {isa = PBXBuildFile; fileRef = CA8B3FBD28D49B9E00C5BA30 /* GoogleService-Info.plist */; };
		CA8B3FC128D49D7E00C5BA30 /* imageManager.swift in Sources */ = {isa = PBXBuildFile; fileRef = CA8B3FC028D49D7E00C5BA30 /* imageManager.swift */; };
		CAA3E9F228AA0E7C00070C2B /* HeaderView.swift in Sources */ = {isa = PBXBuildFile; fileRef = CAA3E9F128AA0E7C00070C2B /* HeaderView.swift */; };
		CAA3E9F628AA0F2400070C2B /* BlueRoundedButton.swift in Sources */ = {isa = PBXBuildFile; fileRef = CAA3E9F528AA0F2400070C2B /* BlueRoundedButton.swift */; };
		CAA3E9F828AA13DE00070C2B /* BottomTextButton.swift in Sources */ = {isa = PBXBuildFile; fileRef = CAA3E9F728AA13DE00070C2B /* BottomTextButton.swift */; };
		CAF0704928D30EB400FFCD32 /* ImageUploader.swift in Sources */ = {isa = PBXBuildFile; fileRef = CAF0704828D30EB400FFCD32 /* ImageUploader.swift */; };
/* End PBXBuildFile section */

/* Begin PBXFileReference section */
		CA01FA1E289CF78000479C3B /* SwiftUITwitterApp.swift */ = {isa = PBXFileReference; lastKnownFileType = sourcecode.swift; path = SwiftUITwitterApp.swift; sourceTree = "<group>"; };
		CA01FA1F289CF78000479C3B /* ContentView.swift */ = {isa = PBXFileReference; lastKnownFileType = sourcecode.swift; path = ContentView.swift; sourceTree = "<group>"; };
		CA01FA20289CF78100479C3B /* Assets.xcassets */ = {isa = PBXFileReference; lastKnownFileType = folder.assetcatalog; path = Assets.xcassets; sourceTree = "<group>"; };
		CA01FA25289CF78100479C3B /* SwiftUITwitter.app */ = {isa = PBXFileReference; explicitFileType = wrapper.application; includeInIndex = 0; path = SwiftUITwitter.app; sourceTree = BUILT_PRODUCTS_DIR; };
		CA01FA2B289CF78100479C3B /* SwiftUITwitter.app */ = {isa = PBXFileReference; explicitFileType = wrapper.application; includeInIndex = 0; path = SwiftUITwitter.app; sourceTree = BUILT_PRODUCTS_DIR; };
		CA01FA46289CF99A00479C3B /* FeedView.swift */ = {isa = PBXFileReference; lastKnownFileType = sourcecode.swift; path = FeedView.swift; sourceTree = "<group>"; };
		CA01FA49289CFDE000479C3B /* TweetRowView.swift */ = {isa = PBXFileReference; lastKnownFileType = sourcecode.swift; path = TweetRowView.swift; sourceTree = "<group>"; };
		CA01FA4C289D01D800479C3B /* MainTabView.swift */ = {isa = PBXFileReference; lastKnownFileType = sourcecode.swift; path = MainTabView.swift; sourceTree = "<group>"; };
		CA01FA53289D03B200479C3B /* ExploreView.swift */ = {isa = PBXFileReference; lastKnownFileType = sourcecode.swift; path = ExploreView.swift; sourceTree = "<group>"; };
		CA01FA55289D03C700479C3B /* NotificationsView.swift */ = {isa = PBXFileReference; lastKnownFileType = sourcecode.swift; path = NotificationsView.swift; sourceTree = "<group>"; };
		CA01FA57289D03F300479C3B /* MessagesView.swift */ = {isa = PBXFileReference; lastKnownFileType = sourcecode.swift; path = MessagesView.swift; sourceTree = "<group>"; };
		CA169CA528ABA655001E1905 /* ProfilePhotoSelectorView.swift */ = {isa = PBXFileReference; lastKnownFileType = sourcecode.swift; path = ProfilePhotoSelectorView.swift; sourceTree = "<group>"; };
		CA169CA828ABAC2C001E1905 /* ImagePicker.swift */ = {isa = PBXFileReference; lastKnownFileType = sourcecode.swift; path = ImagePicker.swift; sourceTree = "<group>"; };
		CA1B318A28D4A5810021E3BF /* userService.swift */ = {isa = PBXFileReference; lastKnownFileType = sourcecode.swift; path = userService.swift; sourceTree = "<group>"; };
		CA1B318C28D4A75E0021E3BF /* user.swift */ = {isa = PBXFileReference; lastKnownFileType = sourcecode.swift; path = user.swift; sourceTree = "<group>"; };
		CA1F593F28AA62900057A6CF /* AuthViewModel.swift */ = {isa = PBXFileReference; lastKnownFileType = sourcecode.swift; path = AuthViewModel.swift; sourceTree = "<group>"; };
		CA398A7C28A0F38500601D47 /* SideMenuView.swift */ = {isa = PBXFileReference; lastKnownFileType = sourcecode.swift; path = SideMenuView.swift; sourceTree = "<group>"; };
		CA398A7E28A0F39300601D47 /* SideMenuRowView.swift */ = {isa = PBXFileReference; lastKnownFileType = sourcecode.swift; path = SideMenuRowView.swift; sourceTree = "<group>"; };
		CA398A8028A0F39F00601D47 /* SideMenuViewModel.swift */ = {isa = PBXFileReference; lastKnownFileType = sourcecode.swift; path = SideMenuViewModel.swift; sourceTree = "<group>"; };
		CA398A8228A0F57700601D47 /* UserStatsView.swift */ = {isa = PBXFileReference; lastKnownFileType = sourcecode.swift; path = UserStatsView.swift; sourceTree = "<group>"; };
		CA398A8428A133FE00601D47 /* SideMenuOptionRowView.swift */ = {isa = PBXFileReference; lastKnownFileType = sourcecode.swift; path = SideMenuOptionRowView.swift; sourceTree = "<group>"; };
		CA398A8B28A13E5C00601D47 /* NewTweetView.swift */ = {isa = PBXFileReference; lastKnownFileType = sourcecode.swift; path = NewTweetView.swift; sourceTree = "<group>"; };
		CA398A8D28A13F5A00601D47 /* TextArea.swift */ = {isa = PBXFileReference; lastKnownFileType = sourcecode.swift; path = TextArea.swift; sourceTree = "<group>"; };
		CA398A9228A143EB00601D47 /* LoginView.swift */ = {isa = PBXFileReference; lastKnownFileType = sourcecode.swift; path = LoginView.swift; sourceTree = "<group>"; };
		CA398A9428A143F300601D47 /* RegisterView.swift */ = {isa = PBXFileReference; lastKnownFileType = sourcecode.swift; path = RegisterView.swift; sourceTree = "<group>"; };
		CA398A9628A1472B00601D47 /* RoundedShape.swift */ = {isa = PBXFileReference; lastKnownFileType = sourcecode.swift; path = RoundedShape.swift; sourceTree = "<group>"; };
		CA560D6628A65C9400EB7B73 /* CustomTextField.swift */ = {isa = PBXFileReference; lastKnownFileType = sourcecode.swift; path = CustomTextField.swift; sourceTree = "<group>"; };
		CA6DD17828DB3651009EAF74 /* ExploreViewModel.swift */ = {isa = PBXFileReference; lastKnownFileType = sourcecode.swift; path = ExploreViewModel.swift; sourceTree = "<group>"; };
		CA7EDA74289D295500F20BE9 /* ProfileView.swift */ = {isa = PBXFileReference; lastKnownFileType = sourcecode.swift; path = ProfileView.swift; sourceTree = "<group>"; };
		CA7EDA76289D3C6700F20BE9 /* TweetFilterViewModel.swift */ = {isa = PBXFileReference; lastKnownFileType = sourcecode.swift; path = TweetFilterViewModel.swift; sourceTree = "<group>"; };
		CA7EDA7B289D432500F20BE9 /* UserRowView.swift */ = {isa = PBXFileReference; lastKnownFileType = sourcecode.swift; path = UserRowView.swift; sourceTree = "<group>"; };
		CA83B51228DC49720088A547 /* SearchBar.swift */ = {isa = PBXFileReference; lastKnownFileType = sourcecode.swift; path = SearchBar.swift; sourceTree = "<group>"; };
		CA83B51428DC55890088A547 /* TweetService.swift */ = {isa = PBXFileReference; lastKnownFileType = sourcecode.swift; path = TweetService.swift; sourceTree = "<group>"; };
		CA83B51628DC58BF0088A547 /* NewTweetViewModel.swift */ = {isa = PBXFileReference; lastKnownFileType = sourcecode.swift; path = NewTweetViewModel.swift; sourceTree = "<group>"; };
		CA8B3FBD28D49B9E00C5BA30 /* GoogleService-Info.plist */ = {isa = PBXFileReference; fileEncoding = 4; lastKnownFileType = text.plist.xml; path = "GoogleService-Info.plist"; sourceTree = "<group>"; };
		CA8B3FC028D49D7E00C5BA30 /* imageManager.swift */ = {isa = PBXFileReference; lastKnownFileType = sourcecode.swift; path = imageManager.swift; sourceTree = "<group>"; };
		CAA3E9F128AA0E7C00070C2B /* HeaderView.swift */ = {isa = PBXFileReference; lastKnownFileType = sourcecode.swift; path = HeaderView.swift; sourceTree = "<group>"; };
		CAA3E9F528AA0F2400070C2B /* BlueRoundedButton.swift */ = {isa = PBXFileReference; lastKnownFileType = sourcecode.swift; path = BlueRoundedButton.swift; sourceTree = "<group>"; };
		CAA3E9F728AA13DE00070C2B /* BottomTextButton.swift */ = {isa = PBXFileReference; lastKnownFileType = sourcecode.swift; path = BottomTextButton.swift; sourceTree = "<group>"; };
		CAF0704828D30EB400FFCD32 /* ImageUploader.swift */ = {isa = PBXFileReference; lastKnownFileType = sourcecode.swift; path = ImageUploader.swift; sourceTree = "<group>"; };
/* End PBXFileReference section */

/* Begin PBXFrameworksBuildPhase section */
		CA01FA22289CF78100479C3B /* Frameworks */ = {
			isa = PBXFrameworksBuildPhase;
			buildActionMask = 2147483647;
			files = (
				CA367C0628AB71C2000A392A /* FirebaseAuth in Frameworks */,
				CA367C0C28AB71C2000A392A /* FirebaseStorage in Frameworks */,
				CA367C0828AB71C2000A392A /* FirebaseFirestore in Frameworks */,
				CA367C0A28AB71C2000A392A /* FirebaseFirestoreSwift in Frameworks */,
				CA41957A28D84FF900EAB780 /* Kingfisher in Frameworks */,
			);
			runOnlyForDeploymentPostprocessing = 0;
		};
		CA01FA28289CF78100479C3B /* Frameworks */ = {
			isa = PBXFrameworksBuildPhase;
			buildActionMask = 2147483647;
			files = (
			);
			runOnlyForDeploymentPostprocessing = 0;
		};
/* End PBXFrameworksBuildPhase section */

/* Begin PBXGroup section */
		CA01FA18289CF78000479C3B = {
			isa = PBXGroup;
			children = (
				CA01FA1D289CF78000479C3B /* Shared */,
				CA01FA26289CF78100479C3B /* Products */,
			);
			sourceTree = "<group>";
		};
		CA01FA1D289CF78000479C3B /* Shared */ = {
			isa = PBXGroup;
			children = (
				CA169CA728ABAC23001E1905 /* Utils */,
				CA01FA41289CF91E00479C3B /* Core */,
				CA01FA3D289CF8D900479C3B /* Model */,
				CA01FA3C289CF8D300479C3B /* Extensions */,
				CA01FA40289CF90B00479C3B /* Service */,
				CA01FA1E289CF78000479C3B /* SwiftUITwitterApp.swift */,
				CA01FA1F289CF78000479C3B /* ContentView.swift */,
				CA01FA20289CF78100479C3B /* Assets.xcassets */,
				CA8B3FBD28D49B9E00C5BA30 /* GoogleService-Info.plist */,
			);
			path = Shared;
			sourceTree = "<group>";
		};
		CA01FA26289CF78100479C3B /* Products */ = {
			isa = PBXGroup;
			children = (
				CA01FA25289CF78100479C3B /* SwiftUITwitter.app */,
				CA01FA2B289CF78100479C3B /* SwiftUITwitter.app */,
			);
			name = Products;
			sourceTree = "<group>";
		};
		CA01FA3C289CF8D300479C3B /* Extensions */ = {
			isa = PBXGroup;
			children = (
			);
			path = Extensions;
			sourceTree = "<group>";
		};
		CA01FA3D289CF8D900479C3B /* Model */ = {
			isa = PBXGroup;
			children = (
				CA1B318C28D4A75E0021E3BF /* user.swift */,
			);
			path = Model;
			sourceTree = "<group>";
		};
		CA01FA40289CF90B00479C3B /* Service */ = {
			isa = PBXGroup;
			children = (
				CAF0704828D30EB400FFCD32 /* ImageUploader.swift */,
				CA8B3FC028D49D7E00C5BA30 /* imageManager.swift */,
				CA1B318A28D4A5810021E3BF /* userService.swift */,
				CA83B51428DC55890088A547 /* TweetService.swift */,
			);
			path = Service;
			sourceTree = "<group>";
		};
		CA01FA41289CF91E00479C3B /* Core */ = {
			isa = PBXGroup;
			children = (
				CA01FA42289CF92200479C3B /* Components */,
				CA398A8F28A143D200601D47 /* Authentication */,
				CA398A8828A13E4500601D47 /* NewTweet */,
				CA398A7928A0F36900601D47 /* SideMenu */,
				CA01FA52289D036B00479C3B /* Notifications */,
				CA01FA50289D036500479C3B /* Messages */,
				CA01FA4F289D035F00479C3B /* Explore */,
				CA01FA4E289D034C00479C3B /* Profile */,
				CA01FA4B289D01B700479C3B /* MainTab */,
				CA01FA43289CF92900479C3B /* Feed */,
			);
			path = Core;
			sourceTree = "<group>";
		};
		CA01FA42289CF92200479C3B /* Components */ = {
			isa = PBXGroup;
			children = (
				CAA3E9F928AA24A800070C2B /* Authentication */,
				CA7EDA7A289D431C00F20BE9 /* Users */,
				CA01FA48289CFDBB00479C3B /* Tweets */,
				CA398A8D28A13F5A00601D47 /* TextArea.swift */,
				CA398A9628A1472B00601D47 /* RoundedShape.swift */,
				CA560D6628A65C9400EB7B73 /* CustomTextField.swift */,
				CA83B51228DC49720088A547 /* SearchBar.swift */,
			);
			path = Components;
			sourceTree = "<group>";
		};
		CA01FA43289CF92900479C3B /* Feed */ = {
			isa = PBXGroup;
			children = (
				CA01FA45289CF97200479C3B /* View */,
				CA01FA44289CF96900479C3B /* ViewModel */,
			);
			path = Feed;
			sourceTree = "<group>";
		};
		CA01FA44289CF96900479C3B /* ViewModel */ = {
			isa = PBXGroup;
			children = (
			);
			path = ViewModel;
			sourceTree = "<group>";
		};
		CA01FA45289CF97200479C3B /* View */ = {
			isa = PBXGroup;
			children = (
				CA01FA46289CF99A00479C3B /* FeedView.swift */,
			);
			path = View;
			sourceTree = "<group>";
		};
		CA01FA48289CFDBB00479C3B /* Tweets */ = {
			isa = PBXGroup;
			children = (
				CA01FA49289CFDE000479C3B /* TweetRowView.swift */,
			);
			path = Tweets;
			sourceTree = "<group>";
		};
		CA01FA4B289D01B700479C3B /* MainTab */ = {
			isa = PBXGroup;
			children = (
				CA01FA4C289D01D800479C3B /* MainTabView.swift */,
			);
			path = MainTab;
			sourceTree = "<group>";
		};
		CA01FA4E289D034C00479C3B /* Profile */ = {
			isa = PBXGroup;
			children = (
				CA7EDA73289D294B00F20BE9 /* View */,
				CA7EDA72289D293F00F20BE9 /* ViewModel */,
			);
			path = Profile;
			sourceTree = "<group>";
		};
		CA01FA4F289D035F00479C3B /* Explore */ = {
			isa = PBXGroup;
			children = (
				CA7EDA79289D42F100F20BE9 /* View */,
				CA7EDA78289D42EC00F20BE9 /* ViewModel */,
			);
			path = Explore;
			sourceTree = "<group>";
		};
		CA01FA50289D036500479C3B /* Messages */ = {
			isa = PBXGroup;
			children = (
				CA01FA57289D03F300479C3B /* MessagesView.swift */,
			);
			path = Messages;
			sourceTree = "<group>";
		};
		CA01FA52289D036B00479C3B /* Notifications */ = {
			isa = PBXGroup;
			children = (
				CA01FA55289D03C700479C3B /* NotificationsView.swift */,
			);
			path = Notifications;
			sourceTree = "<group>";
		};
		CA169CA728ABAC23001E1905 /* Utils */ = {
			isa = PBXGroup;
			children = (
				CA169CA828ABAC2C001E1905 /* ImagePicker.swift */,
			);
			path = Utils;
			sourceTree = "<group>";
		};
		CA398A7928A0F36900601D47 /* SideMenu */ = {
			isa = PBXGroup;
			children = (
				CA398A7B28A0F37A00601D47 /* View */,
				CA398A7A28A0F37000601D47 /* ViewModel */,
			);
			path = SideMenu;
			sourceTree = "<group>";
		};
		CA398A7A28A0F37000601D47 /* ViewModel */ = {
			isa = PBXGroup;
			children = (
				CA398A8028A0F39F00601D47 /* SideMenuViewModel.swift */,
			);
			path = ViewModel;
			sourceTree = "<group>";
		};
		CA398A7B28A0F37A00601D47 /* View */ = {
			isa = PBXGroup;
			children = (
				CA398A7C28A0F38500601D47 /* SideMenuView.swift */,
				CA398A7E28A0F39300601D47 /* SideMenuRowView.swift */,
				CA398A8428A133FE00601D47 /* SideMenuOptionRowView.swift */,
			);
			path = View;
			sourceTree = "<group>";
		};
		CA398A8828A13E4500601D47 /* NewTweet */ = {
			isa = PBXGroup;
			children = (
				CA398A8A28A13E5300601D47 /* View */,
				CA398A8928A13E4A00601D47 /* ViewModel */,
			);
			path = NewTweet;
			sourceTree = "<group>";
		};
		CA398A8928A13E4A00601D47 /* ViewModel */ = {
			isa = PBXGroup;
			children = (
				CA83B51628DC58BF0088A547 /* NewTweetViewModel.swift */,
			);
			path = ViewModel;
			sourceTree = "<group>";
		};
		CA398A8A28A13E5300601D47 /* View */ = {
			isa = PBXGroup;
			children = (
				CA398A8B28A13E5C00601D47 /* NewTweetView.swift */,
			);
			path = View;
			sourceTree = "<group>";
		};
		CA398A8F28A143D200601D47 /* Authentication */ = {
			isa = PBXGroup;
			children = (
				CA398A9128A143E400601D47 /* View */,
				CA398A9028A143DA00601D47 /* ViewModel */,
			);
			path = Authentication;
			sourceTree = "<group>";
		};
		CA398A9028A143DA00601D47 /* ViewModel */ = {
			isa = PBXGroup;
			children = (
			);
			path = ViewModel;
			sourceTree = "<group>";
		};
		CA398A9128A143E400601D47 /* View */ = {
			isa = PBXGroup;
			children = (
				CA398A9228A143EB00601D47 /* LoginView.swift */,
				CA398A9428A143F300601D47 /* RegisterView.swift */,
				CA169CA528ABA655001E1905 /* ProfilePhotoSelectorView.swift */,
			);
			path = View;
			sourceTree = "<group>";
		};
		CA7EDA72289D293F00F20BE9 /* ViewModel */ = {
			isa = PBXGroup;
			children = (
				CA7EDA76289D3C6700F20BE9 /* TweetFilterViewModel.swift */,
			);
			path = ViewModel;
			sourceTree = "<group>";
		};
		CA7EDA73289D294B00F20BE9 /* View */ = {
			isa = PBXGroup;
			children = (
				CA7EDA74289D295500F20BE9 /* ProfileView.swift */,
			);
			path = View;
			sourceTree = "<group>";
		};
		CA7EDA78289D42EC00F20BE9 /* ViewModel */ = {
			isa = PBXGroup;
			children = (
				CA6DD17828DB3651009EAF74 /* ExploreViewModel.swift */,
			);
			path = ViewModel;
			sourceTree = "<group>";
		};
		CA7EDA79289D42F100F20BE9 /* View */ = {
			isa = PBXGroup;
			children = (
				CA01FA53289D03B200479C3B /* ExploreView.swift */,
			);
			path = View;
			sourceTree = "<group>";
		};
		CA7EDA7A289D431C00F20BE9 /* Users */ = {
			isa = PBXGroup;
			children = (
				CA7EDA7B289D432500F20BE9 /* UserRowView.swift */,
				CA398A8228A0F57700601D47 /* UserStatsView.swift */,
			);
			path = Users;
			sourceTree = "<group>";
		};
		CAA3E9F928AA24A800070C2B /* Authentication */ = {
			isa = PBXGroup;
			children = (
				CAA3E9F528AA0F2400070C2B /* BlueRoundedButton.swift */,
				CAA3E9F728AA13DE00070C2B /* BottomTextButton.swift */,
				CAA3E9F128AA0E7C00070C2B /* HeaderView.swift */,
				CA1F593F28AA62900057A6CF /* AuthViewModel.swift */,
			);
			path = Authentication;
			sourceTree = "<group>";
		};
/* End PBXGroup section */

/* Begin PBXNativeTarget section */
		CA01FA24289CF78100479C3B /* SwiftUITwitter (iOS) */ = {
			isa = PBXNativeTarget;
			buildConfigurationList = CA01FA36289CF78100479C3B /* Build configuration list for PBXNativeTarget "SwiftUITwitter (iOS)" */;
			buildPhases = (
				CA01FA21289CF78100479C3B /* Sources */,
				CA01FA22289CF78100479C3B /* Frameworks */,
				CA01FA23289CF78100479C3B /* Resources */,
			);
			buildRules = (
			);
			dependencies = (
			);
			name = "SwiftUITwitter (iOS)";
			packageProductDependencies = (
				CA367C0528AB71C2000A392A /* FirebaseAuth */,
				CA367C0728AB71C2000A392A /* FirebaseFirestore */,
				CA367C0928AB71C2000A392A /* FirebaseFirestoreSwift */,
				CA367C0B28AB71C2000A392A /* FirebaseStorage */,
				CA41957928D84FF900EAB780 /* Kingfisher */,
			);
			productName = "SwiftUITwitter (iOS)";
			productReference = CA01FA25289CF78100479C3B /* SwiftUITwitter.app */;
			productType = "com.apple.product-type.application";
		};
		CA01FA2A289CF78100479C3B /* SwiftUITwitter (macOS) */ = {
			isa = PBXNativeTarget;
			buildConfigurationList = CA01FA39289CF78100479C3B /* Build configuration list for PBXNativeTarget "SwiftUITwitter (macOS)" */;
			buildPhases = (
				CA01FA27289CF78100479C3B /* Sources */,
				CA01FA28289CF78100479C3B /* Frameworks */,
				CA01FA29289CF78100479C3B /* Resources */,
			);
			buildRules = (
			);
			dependencies = (
			);
			name = "SwiftUITwitter (macOS)";
			productName = "SwiftUITwitter (macOS)";
			productReference = CA01FA2B289CF78100479C3B /* SwiftUITwitter.app */;
			productType = "com.apple.product-type.application";
		};
/* End PBXNativeTarget section */

/* Begin PBXProject section */
		CA01FA19289CF78000479C3B /* Project object */ = {
			isa = PBXProject;
			attributes = {
				BuildIndependentTargetsInParallel = 1;
				LastSwiftUpdateCheck = 1330;
				LastUpgradeCheck = 1330;
				TargetAttributes = {
					CA01FA24289CF78100479C3B = {
						CreatedOnToolsVersion = 13.3.1;
					};
					CA01FA2A289CF78100479C3B = {
						CreatedOnToolsVersion = 13.3.1;
					};
				};
			};
			buildConfigurationList = CA01FA1C289CF78000479C3B /* Build configuration list for PBXProject "SwiftUITwitter" */;
			compatibilityVersion = "Xcode 13.0";
			developmentRegion = en;
			hasScannedForEncodings = 0;
			knownRegions = (
				en,
				Base,
			);
			mainGroup = CA01FA18289CF78000479C3B;
			packageReferences = (
				CAA3E9FC28AA2BF800070C2B /* XCRemoteSwiftPackageReference "firebase-ios-sdk" */,
				CA367C0428AB71C2000A392A /* XCRemoteSwiftPackageReference "firebase-ios-sdk" */,
				CA41957828D84FF900EAB780 /* XCRemoteSwiftPackageReference "Kingfisher" */,
			);
			productRefGroup = CA01FA26289CF78100479C3B /* Products */;
			projectDirPath = "";
			projectRoot = "";
			targets = (
				CA01FA24289CF78100479C3B /* SwiftUITwitter (iOS) */,
				CA01FA2A289CF78100479C3B /* SwiftUITwitter (macOS) */,
			);
		};
/* End PBXProject section */

/* Begin PBXResourcesBuildPhase section */
		CA01FA23289CF78100479C3B /* Resources */ = {
			isa = PBXResourcesBuildPhase;
			buildActionMask = 2147483647;
			files = (
				CA01FA32289CF78100479C3B /* Assets.xcassets in Resources */,
				CA8B3FBE28D49B9E00C5BA30 /* GoogleService-Info.plist in Resources */,
			);
			runOnlyForDeploymentPostprocessing = 0;
		};
		CA01FA29289CF78100479C3B /* Resources */ = {
			isa = PBXResourcesBuildPhase;
			buildActionMask = 2147483647;
			files = (
				CA01FA33289CF78100479C3B /* Assets.xcassets in Resources */,
				CA8B3FBF28D49B9E00C5BA30 /* GoogleService-Info.plist in Resources */,
			);
			runOnlyForDeploymentPostprocessing = 0;
		};
/* End PBXResourcesBuildPhase section */

/* Begin PBXSourcesBuildPhase section */
		CA01FA21289CF78100479C3B /* Sources */ = {
			isa = PBXSourcesBuildPhase;
			buildActionMask = 2147483647;
			files = (
				CA83B51528DC55890088A547 /* TweetService.swift in Sources */,
				CA01FA58289D03F300479C3B /* MessagesView.swift in Sources */,
				CA398A9528A143F300601D47 /* RegisterView.swift in Sources */,
				CA7EDA75289D295500F20BE9 /* ProfileView.swift in Sources */,
				CA01FA30289CF78100479C3B /* ContentView.swift in Sources */,
				CA83B51728DC58BF0088A547 /* NewTweetViewModel.swift in Sources */,
				CA1B318D28D4A75E0021E3BF /* user.swift in Sources */,
				CA398A7F28A0F39300601D47 /* SideMenuRowView.swift in Sources */,
				CAA3E9F828AA13DE00070C2B /* BottomTextButton.swift in Sources */,
				CA01FA4A289CFDE000479C3B /* TweetRowView.swift in Sources */,
				CA7EDA77289D3C6700F20BE9 /* TweetFilterViewModel.swift in Sources */,
				CA01FA47289CF99A00479C3B /* FeedView.swift in Sources */,
				CA398A8E28A13F5A00601D47 /* TextArea.swift in Sources */,
				CA398A7D28A0F38500601D47 /* SideMenuView.swift in Sources */,
				CA01FA2E289CF78100479C3B /* SwiftUITwitterApp.swift in Sources */,
				CA398A8C28A13E5C00601D47 /* NewTweetView.swift in Sources */,
				CA560D6728A65C9400EB7B73 /* CustomTextField.swift in Sources */,
				CA83B51328DC49720088A547 /* SearchBar.swift in Sources */,
				CA169CA628ABA655001E1905 /* ProfilePhotoSelectorView.swift in Sources */,
				CA01FA54289D03B200479C3B /* ExploreView.swift in Sources */,
				CA398A8128A0F39F00601D47 /* SideMenuViewModel.swift in Sources */,
				CA169CA928ABAC2C001E1905 /* ImagePicker.swift in Sources */,
				CAA3E9F628AA0F2400070C2B /* BlueRoundedButton.swift in Sources */,
				CA398A9728A1472B00601D47 /* RoundedShape.swift in Sources */,
				CA7EDA7C289D432500F20BE9 /* UserRowView.swift in Sources */,
				CA8B3FC128D49D7E00C5BA30 /* imageManager.swift in Sources */,
				CA398A8528A133FE00601D47 /* SideMenuOptionRowView.swift in Sources */,
				CA1B318B28D4A5810021E3BF /* userService.swift in Sources */,
				CA01FA4D289D01D800479C3B /* MainTabView.swift in Sources */,
				CA398A9328A143EB00601D47 /* LoginView.swift in Sources */,
				CA01FA56289D03C700479C3B /* NotificationsView.swift in Sources */,
				CAA3E9F228AA0E7C00070C2B /* HeaderView.swift in Sources */,
				CA1F594028AA62900057A6CF /* AuthViewModel.swift in Sources */,
				CA6DD17928DB3651009EAF74 /* ExploreViewModel.swift in Sources */,
				CA398A8328A0F57700601D47 /* UserStatsView.swift in Sources */,
				CAF0704928D30EB400FFCD32 /* ImageUploader.swift in Sources */,
			);
			runOnlyForDeploymentPostprocessing = 0;
		};
		CA01FA27289CF78100479C3B /* Sources */ = {
			isa = PBXSourcesBuildPhase;
			buildActionMask = 2147483647;
			files = (
				CA01FA31289CF78100479C3B /* ContentView.swift in Sources */,
				CA01FA2F289CF78100479C3B /* SwiftUITwitterApp.swift in Sources */,
			);
			runOnlyForDeploymentPostprocessing = 0;
		};
/* End PBXSourcesBuildPhase section */

/* Begin XCBuildConfiguration section */
		CA01FA34289CF78100479C3B /* Debug */ = {
			isa = XCBuildConfiguration;
			buildSettings = {
				ALWAYS_SEARCH_USER_PATHS = NO;
				CLANG_ANALYZER_NONNULL = YES;
				CLANG_ANALYZER_NUMBER_OBJECT_CONVERSION = YES_AGGRESSIVE;
				CLANG_CXX_LANGUAGE_STANDARD = "gnu++17";
				CLANG_ENABLE_MODULES = YES;
				CLANG_ENABLE_OBJC_ARC = YES;
				CLANG_ENABLE_OBJC_WEAK = YES;
				CLANG_WARN_BLOCK_CAPTURE_AUTORELEASING = YES;
				CLANG_WARN_BOOL_CONVERSION = YES;
				CLANG_WARN_COMMA = YES;
				CLANG_WARN_CONSTANT_CONVERSION = YES;
				CLANG_WARN_DEPRECATED_OBJC_IMPLEMENTATIONS = YES;
				CLANG_WARN_DIRECT_OBJC_ISA_USAGE = YES_ERROR;
				CLANG_WARN_DOCUMENTATION_COMMENTS = YES;
				CLANG_WARN_EMPTY_BODY = YES;
				CLANG_WARN_ENUM_CONVERSION = YES;
				CLANG_WARN_INFINITE_RECURSION = YES;
				CLANG_WARN_INT_CONVERSION = YES;
				CLANG_WARN_NON_LITERAL_NULL_CONVERSION = YES;
				CLANG_WARN_OBJC_IMPLICIT_RETAIN_SELF = YES;
				CLANG_WARN_OBJC_LITERAL_CONVERSION = YES;
				CLANG_WARN_OBJC_ROOT_CLASS = YES_ERROR;
				CLANG_WARN_QUOTED_INCLUDE_IN_FRAMEWORK_HEADER = YES;
				CLANG_WARN_RANGE_LOOP_ANALYSIS = YES;
				CLANG_WARN_STRICT_PROTOTYPES = YES;
				CLANG_WARN_SUSPICIOUS_MOVE = YES;
				CLANG_WARN_UNGUARDED_AVAILABILITY = YES_AGGRESSIVE;
				CLANG_WARN_UNREACHABLE_CODE = YES;
				CLANG_WARN__DUPLICATE_METHOD_MATCH = YES;
				COPY_PHASE_STRIP = NO;
				DEBUG_INFORMATION_FORMAT = dwarf;
				ENABLE_STRICT_OBJC_MSGSEND = YES;
				ENABLE_TESTABILITY = YES;
				GCC_C_LANGUAGE_STANDARD = gnu11;
				GCC_DYNAMIC_NO_PIC = NO;
				GCC_NO_COMMON_BLOCKS = YES;
				GCC_OPTIMIZATION_LEVEL = 0;
				GCC_PREPROCESSOR_DEFINITIONS = (
					"DEBUG=1",
					"$(inherited)",
				);
				GCC_WARN_64_TO_32_BIT_CONVERSION = YES;
				GCC_WARN_ABOUT_RETURN_TYPE = YES_ERROR;
				GCC_WARN_UNDECLARED_SELECTOR = YES;
				GCC_WARN_UNINITIALIZED_AUTOS = YES_AGGRESSIVE;
				GCC_WARN_UNUSED_FUNCTION = YES;
				GCC_WARN_UNUSED_VARIABLE = YES;
				MTL_ENABLE_DEBUG_INFO = INCLUDE_SOURCE;
				MTL_FAST_MATH = YES;
				ONLY_ACTIVE_ARCH = YES;
				SWIFT_ACTIVE_COMPILATION_CONDITIONS = DEBUG;
				SWIFT_OPTIMIZATION_LEVEL = "-Onone";
			};
			name = Debug;
		};
		CA01FA35289CF78100479C3B /* Release */ = {
			isa = XCBuildConfiguration;
			buildSettings = {
				ALWAYS_SEARCH_USER_PATHS = NO;
				CLANG_ANALYZER_NONNULL = YES;
				CLANG_ANALYZER_NUMBER_OBJECT_CONVERSION = YES_AGGRESSIVE;
				CLANG_CXX_LANGUAGE_STANDARD = "gnu++17";
				CLANG_ENABLE_MODULES = YES;
				CLANG_ENABLE_OBJC_ARC = YES;
				CLANG_ENABLE_OBJC_WEAK = YES;
				CLANG_WARN_BLOCK_CAPTURE_AUTORELEASING = YES;
				CLANG_WARN_BOOL_CONVERSION = YES;
				CLANG_WARN_COMMA = YES;
				CLANG_WARN_CONSTANT_CONVERSION = YES;
				CLANG_WARN_DEPRECATED_OBJC_IMPLEMENTATIONS = YES;
				CLANG_WARN_DIRECT_OBJC_ISA_USAGE = YES_ERROR;
				CLANG_WARN_DOCUMENTATION_COMMENTS = YES;
				CLANG_WARN_EMPTY_BODY = YES;
				CLANG_WARN_ENUM_CONVERSION = YES;
				CLANG_WARN_INFINITE_RECURSION = YES;
				CLANG_WARN_INT_CONVERSION = YES;
				CLANG_WARN_NON_LITERAL_NULL_CONVERSION = YES;
				CLANG_WARN_OBJC_IMPLICIT_RETAIN_SELF = YES;
				CLANG_WARN_OBJC_LITERAL_CONVERSION = YES;
				CLANG_WARN_OBJC_ROOT_CLASS = YES_ERROR;
				CLANG_WARN_QUOTED_INCLUDE_IN_FRAMEWORK_HEADER = YES;
				CLANG_WARN_RANGE_LOOP_ANALYSIS = YES;
				CLANG_WARN_STRICT_PROTOTYPES = YES;
				CLANG_WARN_SUSPICIOUS_MOVE = YES;
				CLANG_WARN_UNGUARDED_AVAILABILITY = YES_AGGRESSIVE;
				CLANG_WARN_UNREACHABLE_CODE = YES;
				CLANG_WARN__DUPLICATE_METHOD_MATCH = YES;
				COPY_PHASE_STRIP = NO;
				DEBUG_INFORMATION_FORMAT = "dwarf-with-dsym";
				ENABLE_NS_ASSERTIONS = NO;
				ENABLE_STRICT_OBJC_MSGSEND = YES;
				GCC_C_LANGUAGE_STANDARD = gnu11;
				GCC_NO_COMMON_BLOCKS = YES;
				GCC_WARN_64_TO_32_BIT_CONVERSION = YES;
				GCC_WARN_ABOUT_RETURN_TYPE = YES_ERROR;
				GCC_WARN_UNDECLARED_SELECTOR = YES;
				GCC_WARN_UNINITIALIZED_AUTOS = YES_AGGRESSIVE;
				GCC_WARN_UNUSED_FUNCTION = YES;
				GCC_WARN_UNUSED_VARIABLE = YES;
				MTL_ENABLE_DEBUG_INFO = NO;
				MTL_FAST_MATH = YES;
				SWIFT_COMPILATION_MODE = wholemodule;
				SWIFT_OPTIMIZATION_LEVEL = "-O";
			};
			name = Release;
		};
		CA01FA37289CF78100479C3B /* Debug */ = {
			isa = XCBuildConfiguration;
			buildSettings = {
				ASSETCATALOG_COMPILER_APPICON_NAME = AppIcon;
				ASSETCATALOG_COMPILER_GLOBAL_ACCENT_COLOR_NAME = AccentColor;
				CODE_SIGN_STYLE = Automatic;
				CURRENT_PROJECT_VERSION = 1;
				DEVELOPMENT_TEAM = 35GDF55MYT;
				ENABLE_PREVIEWS = YES;
				GENERATE_INFOPLIST_FILE = YES;
				INFOPLIST_KEY_UIApplicationSceneManifest_Generation = YES;
				INFOPLIST_KEY_UIApplicationSupportsIndirectInputEvents = YES;
				INFOPLIST_KEY_UILaunchScreen_Generation = YES;
				INFOPLIST_KEY_UISupportedInterfaceOrientations_iPad = "UIInterfaceOrientationPortrait UIInterfaceOrientationPortraitUpsideDown UIInterfaceOrientationLandscapeLeft UIInterfaceOrientationLandscapeRight";
				INFOPLIST_KEY_UISupportedInterfaceOrientations_iPhone = "UIInterfaceOrientationPortrait UIInterfaceOrientationLandscapeLeft UIInterfaceOrientationLandscapeRight";
				IPHONEOS_DEPLOYMENT_TARGET = 15.4;
				LD_RUNPATH_SEARCH_PATHS = (
					"$(inherited)",
					"@executable_path/Frameworks",
				);
				MARKETING_VERSION = 1.0;
				PRODUCT_BUNDLE_IDENTIFIER = com.alirizareisoglu.SwiftUITwitter;
				PRODUCT_NAME = SwiftUITwitter;
				SDKROOT = iphoneos;
				SWIFT_EMIT_LOC_STRINGS = YES;
				SWIFT_VERSION = 5.0;
				TARGETED_DEVICE_FAMILY = "1,2";
			};
			name = Debug;
		};
		CA01FA38289CF78100479C3B /* Release */ = {
			isa = XCBuildConfiguration;
			buildSettings = {
				ASSETCATALOG_COMPILER_APPICON_NAME = AppIcon;
				ASSETCATALOG_COMPILER_GLOBAL_ACCENT_COLOR_NAME = AccentColor;
				CODE_SIGN_STYLE = Automatic;
				CURRENT_PROJECT_VERSION = 1;
				DEVELOPMENT_TEAM = 35GDF55MYT;
				ENABLE_PREVIEWS = YES;
				GENERATE_INFOPLIST_FILE = YES;
				INFOPLIST_KEY_UIApplicationSceneManifest_Generation = YES;
				INFOPLIST_KEY_UIApplicationSupportsIndirectInputEvents = YES;
				INFOPLIST_KEY_UILaunchScreen_Generation = YES;
				INFOPLIST_KEY_UISupportedInterfaceOrientations_iPad = "UIInterfaceOrientationPortrait UIInterfaceOrientationPortraitUpsideDown UIInterfaceOrientationLandscapeLeft UIInterfaceOrientationLandscapeRight";
				INFOPLIST_KEY_UISupportedInterfaceOrientations_iPhone = "UIInterfaceOrientationPortrait UIInterfaceOrientationLandscapeLeft UIInterfaceOrientationLandscapeRight";
				IPHONEOS_DEPLOYMENT_TARGET = 15.4;
				LD_RUNPATH_SEARCH_PATHS = (
					"$(inherited)",
					"@executable_path/Frameworks",
				);
				MARKETING_VERSION = 1.0;
				PRODUCT_BUNDLE_IDENTIFIER = com.alirizareisoglu.SwiftUITwitter;
				PRODUCT_NAME = SwiftUITwitter;
				SDKROOT = iphoneos;
				SWIFT_EMIT_LOC_STRINGS = YES;
				SWIFT_VERSION = 5.0;
				TARGETED_DEVICE_FAMILY = "1,2";
				VALIDATE_PRODUCT = YES;
			};
			name = Release;
		};
		CA01FA3A289CF78100479C3B /* Debug */ = {
			isa = XCBuildConfiguration;
			buildSettings = {
				ASSETCATALOG_COMPILER_APPICON_NAME = AppIcon;
				ASSETCATALOG_COMPILER_GLOBAL_ACCENT_COLOR_NAME = AccentColor;
				CODE_SIGN_ENTITLEMENTS = macOS/macOS.entitlements;
				CODE_SIGN_STYLE = Automatic;
				COMBINE_HIDPI_IMAGES = YES;
				CURRENT_PROJECT_VERSION = 1;
				DEVELOPMENT_TEAM = 35GDF55MYT;
				ENABLE_HARDENED_RUNTIME = YES;
				ENABLE_PREVIEWS = YES;
				GENERATE_INFOPLIST_FILE = YES;
				INFOPLIST_KEY_NSHumanReadableCopyright = "";
				LD_RUNPATH_SEARCH_PATHS = (
					"$(inherited)",
					"@executable_path/../Frameworks",
				);
				MACOSX_DEPLOYMENT_TARGET = 12.3;
				MARKETING_VERSION = 1.0;
				PRODUCT_BUNDLE_IDENTIFIER = com.alirizareisoglu.SwiftUITwitter;
				PRODUCT_NAME = SwiftUITwitter;
				SDKROOT = macosx;
				SWIFT_EMIT_LOC_STRINGS = YES;
				SWIFT_VERSION = 5.0;
			};
			name = Debug;
		};
		CA01FA3B289CF78100479C3B /* Release */ = {
			isa = XCBuildConfiguration;
			buildSettings = {
				ASSETCATALOG_COMPILER_APPICON_NAME = AppIcon;
				ASSETCATALOG_COMPILER_GLOBAL_ACCENT_COLOR_NAME = AccentColor;
				CODE_SIGN_ENTITLEMENTS = macOS/macOS.entitlements;
				CODE_SIGN_STYLE = Automatic;
				COMBINE_HIDPI_IMAGES = YES;
				CURRENT_PROJECT_VERSION = 1;
				DEVELOPMENT_TEAM = 35GDF55MYT;
				ENABLE_HARDENED_RUNTIME = YES;
				ENABLE_PREVIEWS = YES;
				GENERATE_INFOPLIST_FILE = YES;
				INFOPLIST_KEY_NSHumanReadableCopyright = "";
				LD_RUNPATH_SEARCH_PATHS = (
					"$(inherited)",
					"@executable_path/../Frameworks",
				);
				MACOSX_DEPLOYMENT_TARGET = 12.3;
				MARKETING_VERSION = 1.0;
				PRODUCT_BUNDLE_IDENTIFIER = com.alirizareisoglu.SwiftUITwitter;
				PRODUCT_NAME = SwiftUITwitter;
				SDKROOT = macosx;
				SWIFT_EMIT_LOC_STRINGS = YES;
				SWIFT_VERSION = 5.0;
			};
			name = Release;
		};
/* End XCBuildConfiguration section */

/* Begin XCConfigurationList section */
		CA01FA1C289CF78000479C3B /* Build configuration list for PBXProject "SwiftUITwitter" */ = {
			isa = XCConfigurationList;
			buildConfigurations = (
				CA01FA34289CF78100479C3B /* Debug */,
				CA01FA35289CF78100479C3B /* Release */,
			);
			defaultConfigurationIsVisible = 0;
			defaultConfigurationName = Release;
		};
		CA01FA36289CF78100479C3B /* Build configuration list for PBXNativeTarget "SwiftUITwitter (iOS)" */ = {
			isa = XCConfigurationList;
			buildConfigurations = (
				CA01FA37289CF78100479C3B /* Debug */,
				CA01FA38289CF78100479C3B /* Release */,
			);
			defaultConfigurationIsVisible = 0;
			defaultConfigurationName = Release;
		};
		CA01FA39289CF78100479C3B /* Build configuration list for PBXNativeTarget "SwiftUITwitter (macOS)" */ = {
			isa = XCConfigurationList;
			buildConfigurations = (
				CA01FA3A289CF78100479C3B /* Debug */,
				CA01FA3B289CF78100479C3B /* Release */,
			);
			defaultConfigurationIsVisible = 0;
			defaultConfigurationName = Release;
		};
/* End XCConfigurationList section */

/* Begin XCRemoteSwiftPackageReference section */
		CA367C0428AB71C2000A392A /* XCRemoteSwiftPackageReference "firebase-ios-sdk" */ = {
			isa = XCRemoteSwiftPackageReference;
			repositoryURL = "https://github.com/firebase/firebase-ios-sdk";
			requirement = {
				branch = master;
				kind = branch;
			};
		};
		CA41957828D84FF900EAB780 /* XCRemoteSwiftPackageReference "Kingfisher" */ = {
			isa = XCRemoteSwiftPackageReference;
			repositoryURL = "https://github.com/onevcat/Kingfisher.git";
			requirement = {
				branch = master;
				kind = branch;
			};
		};
		CAA3E9FC28AA2BF800070C2B /* XCRemoteSwiftPackageReference "firebase-ios-sdk" */ = {
			isa = XCRemoteSwiftPackageReference;
			repositoryURL = "https://github.com/firebase/firebase-ios-sdk";
			requirement = {
				branch = master;
				kind = branch;
			};
		};
/* End XCRemoteSwiftPackageReference section */

/* Begin XCSwiftPackageProductDependency section */
		CA367C0528AB71C2000A392A /* FirebaseAuth */ = {
			isa = XCSwiftPackageProductDependency;
			package = CAA3E9FC28AA2BF800070C2B /* XCRemoteSwiftPackageReference "firebase-ios-sdk" */;
			productName = FirebaseAuth;
		};
		CA367C0728AB71C2000A392A /* FirebaseFirestore */ = {
			isa = XCSwiftPackageProductDependency;
			package = CAA3E9FC28AA2BF800070C2B /* XCRemoteSwiftPackageReference "firebase-ios-sdk" */;
			productName = FirebaseFirestore;
		};
		CA367C0928AB71C2000A392A /* FirebaseFirestoreSwift */ = {
			isa = XCSwiftPackageProductDependency;
			package = CAA3E9FC28AA2BF800070C2B /* XCRemoteSwiftPackageReference "firebase-ios-sdk" */;
			productName = FirebaseFirestoreSwift;
		};
		CA367C0B28AB71C2000A392A /* FirebaseStorage */ = {
			isa = XCSwiftPackageProductDependency;
			package = CAA3E9FC28AA2BF800070C2B /* XCRemoteSwiftPackageReference "firebase-ios-sdk" */;
			productName = FirebaseStorage;
		};
		CA41957928D84FF900EAB780 /* Kingfisher */ = {
			isa = XCSwiftPackageProductDependency;
			package = CA41957828D84FF900EAB780 /* XCRemoteSwiftPackageReference "Kingfisher" */;
			productName = Kingfisher;
		};
/* End XCSwiftPackageProductDependency section */
	};
	rootObject = CA01FA19289CF78000479C3B /* Project object */;
}
